
Microsoft Visual Studio Solution File, Format Version 12.00
# Visual Studio 15
Project("{FAE04EC0-301F-11D3-BF4B-00C04F79EFBC}") = "Assembly-CSharp", "Assembly-CSharp.csproj", "{0DD9E1B7-ECDD-1FF2-AC21-43D4731590CC}"
EndProject
Global
	GlobalSection(SolutionConfigurationPlatforms) = preSolution
		Debug|Any CPU = Debug|Any CPU
		Release|Any CPU = Release|Any CPU
	EndGlobalSection
	GlobalSection(ProjectConfigurationPlatforms) = postSolution
		{0DD9E1B7-ECDD-1FF2-AC21-43D4731590CC}.Debug|Any CPU.ActiveCfg = Debug|Any CPU
		{0DD9E1B7-ECDD-1FF2-AC21-43D4731590CC}.Debug|Any CPU.Build.0 = Debug|Any CPU
		{0DD9E1B7-ECDD-1FF2-AC21-43D4731590CC}.Release|Any CPU.ActiveCfg = Release|Any CPU
		{0DD9E1B7-ECDD-1FF2-AC21-43D4731590CC}.Release|Any CPU.Build.0 = Release|Any CPU
	EndGlobalSection
	GlobalSection(SolutionProperties) = preSolution
		HideSolutionNode = FALSE
	EndGlobalSection
EndGlobal
